<?xml version="1.0" encoding="utf-8"?>
<Project ToolsVersion="4.0" xmlns="http://schemas.microsoft.com/developer/msbuild/2003">
  <ItemGroup>
    <Filter Include="Header Files">
      <UniqueIdentifier>{93995380-89BD-4b04-88EB-625FBE52EBFB}</UniqueIdentifier>
      <Extensions>h;hpp;hxx;hm;inl;inc;xsd</Extensions>
    </Filter>
    <Filter Include="Resource Files">
      <UniqueIdentifier>{67DA6AB6-F800-4c08-8B7A-83BB121AAD01}</UniqueIdentifier>
      <Extensions>rc;ico;cur;bmp;dlg;rc2;rct;bin;rgs;gif;jpg;jpeg;jpe;resx</Extensions>
    </Filter>
    <Filter Include="Source Files">
      <UniqueIdentifier>{4FC737F1-C7A5-4376-A066-2A32D752A2FF}</UniqueIdentifier>
      <Extensions>cpp;c;cc;cxx;def;odl;idl;hpj;bat;asm;asmx</Extensions>
    </Filter>
    <Filter Include="Header Files\ags2client">
      <UniqueIdentifier>{b73acc0c-d581-417c-8276-3bbb22a88a37}</UniqueIdentifier>
    </Filter>
    <Filter Include="Source Files\ags2client">
      <UniqueIdentifier>{1af72739-1369-415b-853c-192ab910b478}</UniqueIdentifier>
    </Filter>
  </ItemGroup>
  <ItemGroup>
    <ClInclude Include="..\..\ags2client\AGSFloatFix.h">
      <Filter>Header Files\ags2client</Filter>
    </ClInclude>
    <ClInclude Include="..\..\ags2client\agsplugin.h">
      <Filter>Header Files\ags2client</Filter>
    </ClInclude>
    <ClInclude Include="..\..\ags2client\Cpp11Fix.h">
      <Filter>Header Files\ags2client</Filter>
    </ClInclude>
    <ClInclude Include="..\..\ags2client\IAGS2Client.h">
      <Filter>Header Files\ags2client</Filter>
    </ClInclude>
    <ClInclude Include="..\..\ags2client\IClientAchievements.h">
      <Filter>Header Files\ags2client</Filter>
    </ClInclude>
    <ClInclude Include="..\..\ags2client\IClientLeaderboards.h">
      <Filter>Header Files\ags2client</Filter>
    </ClInclude>
    <ClInclude Include="..\..\ags2client\IClientStats.h">
      <Filter>Header Files\ags2client</Filter>
    </ClInclude>
    <ClInclude Include="..\..\AGSteamPlugin.h">
      <Filter>Header Files</Filter>
    </ClInclude>
    <ClInclude Include="..\..\SteamAchievements.h">
      <Filter>Header Files</Filter>
    </ClInclude>
    <ClInclude Include="..\..\SteamLeaderboards.h">
      <Filter>Header Files</Filter>
    </ClInclude>
    <ClInclude Include="..\..\SteamStats.h">
      <Filter>Header Files</Filter>
    </ClInclude>
    <ClInclude Include="..\..\ags2client\DllExports.h">
      <Filter>Header Files\ags2client</Filter>
    </ClInclude>
    <ClInclude Include="..\..\steam\agents.h">
      <Filter>Header Files</Filter>
    </ClInclude>
    <ClInclude Include="..\..\steam\assert.h">
      <Filter>Header Files</Filter>
    </ClInclude>
    <ClInclude Include="..\..\steam\CodeAnalysis\sourceannotations.h">
      <Filter>Header Files</Filter>
    </ClInclude>
    <ClInclude Include="..\..\steam\CodeAnalysis\Warnings.h">
      <Filter>Header Files</Filter>
    </ClInclude>
    <ClInclude Include="..\..\steam\comdef.h">
      <Filter>Header Files</Filter>
    </ClInclude>
    <ClInclude Include="..\..\steam\comdefsp.h">
      <Filter>Header Files</Filter>
    </ClInclude>
    <ClInclude Include="..\..\steam\comip.h">
      <Filter>Header Files</Filter>
    </ClInclude>
    <ClInclude Include="..\..\steam\comutil.h">
      <Filter>Header Files</Filter>
    </ClInclude>
    <ClInclude Include="..\..\steam\concrt.h">
      <Filter>Header Files</Filter>
    </ClInclude>
    <ClInclude Include="..\..\steam\concrtrm.h">
      <Filter>Header Files</Filter>
    </ClInclude>
    <ClInclude Include="..\..\steam\concurrent_queue.h">
      <Filter>Header Files</Filter>
    </ClInclude>
    <ClInclude Include="..\..\steam\concurrent_vector.h">
      <Filter>Header Files</Filter>
    </ClInclude>
    <ClInclude Include="..\..\steam\conio.h">
      <Filter>Header Files</Filter>
    </ClInclude>
    <ClInclude Include="..\..\steam\crtassem.h">
      <Filter>Header Files</Filter>
    </ClInclude>
    <ClInclude Include="..\..\steam\crtdbg.h">
      <Filter>Header Files</Filter>
    </ClInclude>
    <ClInclude Include="..\..\steam\crtdefs.h">
      <Filter>Header Files</Filter>
    </ClInclude>
    <ClInclude Include="..\..\steam\crtversion.h">
      <Filter>Header Files</Filter>
    </ClInclude>
    <ClInclude Include="..\..\steam\crtwrn.h">
      <Filter>Header Files</Filter>
    </ClInclude>
    <ClInclude Include="..\..\steam\ctype.h">
      <Filter>Header Files</Filter>
    </ClInclude>
    <ClInclude Include="..\..\steam\dbgautoattach.h">
      <Filter>Header Files</Filter>
    </ClInclude>
    <ClInclude Include="..\..\steam\delayimp.h">
      <Filter>Header Files</Filter>
    </ClInclude>
    <ClInclude Include="..\..\steam\direct.h">
      <Filter>Header Files</Filter>
    </ClInclude>
    <ClInclude Include="..\..\steam\dos.h">
      <Filter>Header Files</Filter>
    </ClInclude>
    <ClInclude Include="..\..\steam\dvec.h">
      <Filter>Header Files</Filter>
    </ClInclude>
    <ClInclude Include="..\..\steam\eh.h">
      <Filter>Header Files</Filter>
    </ClInclude>
    <ClInclude Include="..\..\steam\emmintrin.h">
      <Filter>Header Files</Filter>
    </ClInclude>
    <ClInclude Include="..\..\steam\errno.h">
      <Filter>Header Files</Filter>
    </ClInclude>
    <ClInclude Include="..\..\steam\excpt.h">
      <Filter>Header Files</Filter>
    </ClInclude>
    <ClInclude Include="..\..\steam\fcntl.h">
      <Filter>Header Files</Filter>
    </ClInclude>
    <ClInclude Include="..\..\steam\float.h">
      <Filter>Header Files</Filter>
    </ClInclude>
    <ClInclude Include="..\..\steam\fpieee.h">
      <Filter>Header Files</Filter>
    </ClInclude>
    <ClInclude Include="..\..\steam\fvec.h">
      <Filter>Header Files</Filter>
    </ClInclude>
    <ClInclude Include="..\..\steam\gcroot.h">
      <Filter>Header Files</Filter>
    </ClInclude>
    <ClInclude Include="..\..\steam\immintrin.h">
      <Filter>Header Files</Filter>
    </ClInclude>
    <ClInclude Include="..\..\steam\intrin.h">
      <Filter>Header Files</Filter>
    </ClInclude>
    <ClInclude Include="..\..\steam\invkprxy.h">
      <Filter>Header Files</Filter>
    </ClInclude>
    <ClInclude Include="..\..\steam\io.h">
      <Filter>Header Files</Filter>
    </ClInclude>
    <ClInclude Include="..\..\steam\iso646.h">
      <Filter>Header Files</Filter>
    </ClInclude>
    <ClInclude Include="..\..\steam\isteamapplist.h">
      <Filter>Header Files</Filter>
    </ClInclude>
    <ClInclude Include="..\..\steam\isteamapps.h">
      <Filter>Header Files</Filter>
    </ClInclude>
    <ClInclude Include="..\..\steam\isteamappticket.h">
      <Filter>Header Files</Filter>
    </ClInclude>
    <ClInclude Include="..\..\steam\isteamclient.h">
      <Filter>Header Files</Filter>
    </ClInclude>
    <ClInclude Include="..\..\steam\isteamcontroller.h">
      <Filter>Header Files</Filter>
    </ClInclude>
    <ClInclude Include="..\..\steam\isteamfriends.h">
      <Filter>Header Files</Filter>
    </ClInclude>
    <ClInclude Include="..\..\steam\isteamgamecoordinator.h">
      <Filter>Header Files</Filter>
    </ClInclude>
    <ClInclude Include="..\..\steam\isteamgameserver.h">
      <Filter>Header Files</Filter>
    </ClInclude>
    <ClInclude Include="..\..\steam\isteamgameserverstats.h">
      <Filter>Header Files</Filter>
    </ClInclude>
    <ClInclude Include="..\..\steam\isteamhtmlsurface.h">
      <Filter>Header Files</Filter>
    </ClInclude>
    <ClInclude Include="..\..\steam\isteamhttp.h">
      <Filter>Header Files</Filter>
    </ClInclude>
    <ClInclude Include="..\..\steam\isteaminput.h">
      <Filter>Header Files</Filter>
    </ClInclude>
    <ClInclude Include="..\..\steam\isteaminventory.h">
      <Filter>Header Files</Filter>
    </ClInclude>
    <ClInclude Include="..\..\steam\isteammasterserverupdater.h">
      <Filter>Header Files</Filter>
    </ClInclude>
    <ClInclude Include="..\..\steam\isteammatchmaking.h">
      <Filter>Header Files</Filter>
    </ClInclude>
    <ClInclude Include="..\..\steam\isteammusic.h">
      <Filter>Header Files</Filter>
    </ClInclude>
    <ClInclude Include="..\..\steam\isteammusicremote.h">
      <Filter>Header Files</Filter>
    </ClInclude>
    <ClInclude Include="..\..\steam\isteamnetworking.h">
      <Filter>Header Files</Filter>
    </ClInclude>
    <ClInclude Include="..\..\steam\isteamnetworkingmessages.h">
      <Filter>Header Files</Filter>
    </ClInclude>
    <ClInclude Include="..\..\steam\isteamnetworkingsockets.h">
      <Filter>Header Files</Filter>
    </ClInclude>
    <ClInclude Include="..\..\steam\isteamnetworkingutils.h">
      <Filter>Header Files</Filter>
    </ClInclude>
    <ClInclude Include="..\..\steam\isteamparentalsettings.h">
      <Filter>Header Files</Filter>
    </ClInclude>
    <ClInclude Include="..\..\steam\isteamps3overlayrenderer.h">
      <Filter>Header Files</Filter>
    </ClInclude>
    <ClInclude Include="..\..\steam\isteamremoteplay.h">
      <Filter>Header Files</Filter>
    </ClInclude>
    <ClInclude Include="..\..\steam\isteamremotestorage.h">
      <Filter>Header Files</Filter>
    </ClInclude>
    <ClInclude Include="..\..\steam\isteamscreenshots.h">
      <Filter>Header Files</Filter>
    </ClInclude>
    <ClInclude Include="..\..\steam\isteamugc.h">
      <Filter>Header Files</Filter>
    </ClInclude>
    <ClInclude Include="..\..\steam\isteamuser.h">
      <Filter>Header Files</Filter>
    </ClInclude>
    <ClInclude Include="..\..\steam\isteamuserstats.h">
      <Filter>Header Files</Filter>
    </ClInclude>
    <ClInclude Include="..\..\steam\isteamutils.h">
      <Filter>Header Files</Filter>
    </ClInclude>
    <ClInclude Include="..\..\steam\isteamvideo.h">
      <Filter>Header Files</Filter>
    </ClInclude>
    <ClInclude Include="..\..\steam\ivec.h">
      <Filter>Header Files</Filter>
    </ClInclude>
    <ClInclude Include="..\..\steam\limits.h">
      <Filter>Header Files</Filter>
    </ClInclude>
    <ClInclude Include="..\..\steam\locale.h">
      <Filter>Header Files</Filter>
    </ClInclude>
    <ClInclude Include="..\..\steam\malloc.h">
      <Filter>Header Files</Filter>
    </ClInclude>
    <ClInclude Include="..\..\steam\matchmakingtypes.h">
      <Filter>Header Files</Filter>
    </ClInclude>
    <ClInclude Include="..\..\steam\math.h">
      <Filter>Header Files</Filter>
    </ClInclude>
    <ClInclude Include="..\..\steam\mbctype.h">
      <Filter>Header Files</Filter>
    </ClInclude>
    <ClInclude Include="..\..\steam\mbstring.h">
      <Filter>Header Files</Filter>
    </ClInclude>
    <ClInclude Include="..\..\steam\memory.h">
      <Filter>Header Files</Filter>
    </ClInclude>
    <ClInclude Include="..\..\steam\minmax.h">
      <Filter>Header Files</Filter>
    </ClInclude>
    <ClInclude Include="..\..\steam\mm3dnow.h">
      <Filter>Header Files</Filter>
    </ClInclude>
    <ClInclude Include="..\..\steam\mmintrin.h">
      <Filter>Header Files</Filter>
    </ClInclude>
    <ClInclude Include="..\..\steam\msclr\all.h">
      <Filter>Header Files</Filter>
    </ClInclude>
    <ClInclude Include="..\..\steam\msclr\appdomain.h">
      <Filter>Header Files</Filter>
    </ClInclude>
    <ClInclude Include="..\..\steam\msclr\auto_gcroot.h">
      <Filter>Header Files</Filter>
    </ClInclude>
    <ClInclude Include="..\..\steam\msclr\auto_handle.h">
      <Filter>Header Files</Filter>
    </ClInclude>
    <ClInclude Include="..\..\steam\msclr\com\ptr.h">
      <Filter>Header Files</Filter>
    </ClInclude>
    <ClInclude Include="..\..\steam\msclr\event.h">
      <Filter>Header Files</Filter>
    </ClInclude>
    <ClInclude Include="..\..\steam\msclr\gcroot.h">
      <Filter>Header Files</Filter>
    </ClInclude>
    <ClInclude Include="..\..\steam\msclr\lock.h">
      <Filter>Header Files</Filter>
    </ClInclude>
    <ClInclude Include="..\..\steam\msclr\marshal.h">
      <Filter>Header Files</Filter>
    </ClInclude>
    <ClInclude Include="..\..\steam\msclr\marshal_atl.h">
      <Filter>Header Files</Filter>
    </ClInclude>
    <ClInclude Include="..\..\steam\msclr\marshal_cppstd.h">
      <Filter>Header Files</Filter>
    </ClInclude>
    <ClInclude Include="..\..\steam\msclr\marshal_windows.h">
      <Filter>Header Files</Filter>
    </ClInclude>
    <ClInclude Include="..\..\steam\msclr\safebool.h">
      <Filter>Header Files</Filter>
    </ClInclude>
    <ClInclude Include="..\..\steam\new.h">
      <Filter>Header Files</Filter>
    </ClInclude>
    <ClInclude Include="..\..\steam\nmmintrin.h">
      <Filter>Header Files</Filter>
    </ClInclude>
    <ClInclude Include="..\..\steam\omp.h">
      <Filter>Header Files</Filter>
    </ClInclude>
    <ClInclude Include="..\..\steam\ompassem.h">
      <Filter>Header Files</Filter>
    </ClInclude>
    <ClInclude Include="..\..\steam\penwin.h">
      <Filter>Header Files</Filter>
    </ClInclude>
    <ClInclude Include="..\..\steam\pgobootrun.h">
      <Filter>Header Files</Filter>
    </ClInclude>
    <ClInclude Include="..\..\steam\pmmintrin.h">
      <Filter>Header Files</Filter>
    </ClInclude>
    <ClInclude Include="..\..\steam\ppl.h">
      <Filter>Header Files</Filter>
    </ClInclude>
    <ClInclude Include="..\..\steam\process.h">
      <Filter>Header Files</Filter>
    </ClInclude>
    <ClInclude Include="..\..\steam\rtcapi.h">
      <Filter>Header Files</Filter>
    </ClInclude>
    <ClInclude Include="..\..\steam\safeint.h">
      <Filter>Header Files</Filter>
    </ClInclude>
    <ClInclude Include="..\..\steam\safeint_internal.h">
      <Filter>Header Files</Filter>
    </ClInclude>
    <ClInclude Include="..\..\steam\sal.h">
      <Filter>Header Files</Filter>
    </ClInclude>
    <ClInclude Include="..\..\steam\search.h">
      <Filter>Header Files</Filter>
    </ClInclude>
    <ClInclude Include="..\..\steam\setjmp.h">
      <Filter>Header Files</Filter>
    </ClInclude>
    <ClInclude Include="..\..\steam\setjmpex.h">
      <Filter>Header Files</Filter>
    </ClInclude>
    <ClInclude Include="..\..\steam\share.h">
      <Filter>Header Files</Filter>
    </ClInclude>
    <ClInclude Include="..\..\steam\signal.h">
      <Filter>Header Files</Filter>
    </ClInclude>
    <ClInclude Include="..\..\steam\smmintrin.h">
      <Filter>Header Files</Filter>
    </ClInclude>
    <ClInclude Include="..\..\steam\srv.h">
      <Filter>Header Files</Filter>
    </ClInclude>
    <ClInclude Include="..\..\steam\stdarg.h">
      <Filter>Header Files</Filter>
    </ClInclude>
    <ClInclude Include="..\..\steam\stddef.h">
      <Filter>Header Files</Filter>
    </ClInclude>
    <ClInclude Include="..\..\steam\stdexcpt.h">
      <Filter>Header Files</Filter>
    </ClInclude>
    <ClInclude Include="..\..\steam\stdint.h">
      <Filter>Header Files</Filter>
    </ClInclude>
    <ClInclude Include="..\..\steam\stdio.h">
      <Filter>Header Files</Filter>
    </ClInclude>
    <ClInclude Include="..\..\steam\stdlib.h">
      <Filter>Header Files</Filter>
    </ClInclude>
    <ClInclude Include="..\..\steam\steamclientpublic.h">
      <Filter>Header Files</Filter>
    </ClInclude>
    <ClInclude Include="..\..\steam\steamdatagram_tickets.h">
      <Filter>Header Files</Filter>
    </ClInclude>
    <ClInclude Include="..\..\steam\steamencryptedappticket.h">
      <Filter>Header Files</Filter>
    </ClInclude>
    <ClInclude Include="..\..\steam\steamhttpenums.h">
      <Filter>Header Files</Filter>
    </ClInclude>
    <ClInclude Include="..\..\steam\steamnetworkingtypes.h">
      <Filter>Header Files</Filter>
    </ClInclude>
    <ClInclude Include="..\..\steam\steamps3params.h">
      <Filter>Header Files</Filter>
    </ClInclude>
    <ClInclude Include="..\..\steam\steamtypes.h">
      <Filter>Header Files</Filter>
    </ClInclude>
    <ClInclude Include="..\..\steam\steamuniverse.h">
      <Filter>Header Files</Filter>
    </ClInclude>
    <ClInclude Include="..\..\steam\steam_api.h">
      <Filter>Header Files</Filter>
    </ClInclude>
    <ClInclude Include="..\..\steam\steam_api_common.h">
      <Filter>Header Files</Filter>
    </ClInclude>
    <ClInclude Include="..\..\steam\steam_api_flat.h">
      <Filter>Header Files</Filter>
    </ClInclude>
    <ClInclude Include="..\..\steam\steam_api_internal.h">
      <Filter>Header Files</Filter>
    </ClInclude>
    <ClInclude Include="..\..\steam\steam_gameserver.h">
      <Filter>Header Files</Filter>
    </ClInclude>
    <ClInclude Include="..\..\steam\string.h">
      <Filter>Header Files</Filter>
    </ClInclude>
    <ClInclude Include="..\..\steam\sys\locking.h">
      <Filter>Header Files</Filter>
    </ClInclude>
    <ClInclude Include="..\..\steam\sys\stat.h">
      <Filter>Header Files</Filter>
    </ClInclude>
    <ClInclude Include="..\..\steam\sys\timeb.h">
      <Filter>Header Files</Filter>
    </ClInclude>
    <ClInclude Include="..\..\steam\sys\types.h">
      <Filter>Header Files</Filter>
    </ClInclude>
    <ClInclude Include="..\..\steam\sys\utime.h">
      <Filter>Header Files</Filter>
    </ClInclude>
    <ClInclude Include="..\..\steam\tchar.h">
      <Filter>Header Files</Filter>
    </ClInclude>
    <ClInclude Include="..\..\steam\time.h">
      <Filter>Header Files</Filter>
    </ClInclude>
    <ClInclude Include="..\..\steam\tmmintrin.h">
      <Filter>Header Files</Filter>
    </ClInclude>
    <ClInclude Include="..\..\steam\typeinfo.h">
      <Filter>Header Files</Filter>
    </ClInclude>
    <ClInclude Include="..\..\steam\use_ansi.h">
      <Filter>Header Files</Filter>
    </ClInclude>
    <ClInclude Include="..\..\steam\vadefs.h">
      <Filter>Header Files</Filter>
    </ClInclude>
    <ClInclude Include="..\..\steam\varargs.h">
      <Filter>Header Files</Filter>
    </ClInclude>
    <ClInclude Include="..\..\steam\vcclr.h">
      <Filter>Header Files</Filter>
    </ClInclude>
    <ClInclude Include="..\..\steam\wchar.h">
      <Filter>Header Files</Filter>
    </ClInclude>
    <ClInclude Include="..\..\steam\wctype.h">
      <Filter>Header Files</Filter>
    </ClInclude>
    <ClInclude Include="..\..\steam\wmiatlprov.h">
      <Filter>Header Files</Filter>
    </ClInclude>
    <ClInclude Include="..\..\steam\wmmintrin.h">
      <Filter>Header Files</Filter>
    </ClInclude>
    <ClInclude Include="..\..\steam\xkeycheck.h">
      <Filter>Header Files</Filter>
    </ClInclude>
    <ClInclude Include="..\..\steam\xlocinfo.h">
      <Filter>Header Files</Filter>
    </ClInclude>
    <ClInclude Include="..\..\steam\xmath.h">
      <Filter>Header Files</Filter>
    </ClInclude>
    <ClInclude Include="..\..\steam\xmmintrin.h">
      <Filter>Header Files</Filter>
    </ClInclude>
    <ClInclude Include="..\..\steam\ymath.h">
      <Filter>Header Files</Filter>
    </ClInclude>
    <ClInclude Include="..\..\steam\yvals.h">
      <Filter>Header Files</Filter>
    </ClInclude>
    <ClInclude Include="..\..\steam\_vcclrit.h">
      <Filter>Header Files</Filter>
    </ClInclude>
    <ClInclude Include="..\..\agsplugin.h">
      <Filter>Header Files</Filter>
    </ClInclude>
  </ItemGroup>
  <ItemGroup>
    <ClCompile Include="..\..\ags2client\IAGS2Client.cpp">
      <Filter>Source Files\ags2client</Filter>
    </ClCompile>
    <ClCompile Include="..\..\ags2client\IClientAchievements.cpp">
      <Filter>Source Files\ags2client</Filter>
    </ClCompile>
    <ClCompile Include="..\..\ags2client\IClientLeaderboards.cpp">
      <Filter>Source Files\ags2client</Filter>
    </ClCompile>
    <ClCompile Include="..\..\ags2client\IClientStats.cpp">
      <Filter>Source Files\ags2client</Filter>
    </ClCompile>
    <ClCompile Include="..\..\ags2client\main.cpp">
      <Filter>Source Files\ags2client</Filter>
    </ClCompile>
    <ClCompile Include="..\..\AGS2Client.cpp">
      <Filter>Source Files</Filter>
    </ClCompile>
    <ClCompile Include="..\..\AGSteamPlugin.cpp">
      <Filter>Source Files</Filter>
    </ClCompile>
    <ClCompile Include="..\..\SteamAchievements.cpp">
      <Filter>Source Files</Filter>
    </ClCompile>
    <ClCompile Include="..\..\SteamLeaderboards.cpp">
      <Filter>Source Files</Filter>
    </ClCompile>
    <ClCompile Include="..\..\SteamStats.cpp">
      <Filter>Source Files</Filter>
    </ClCompile>
    <ClCompile Include="..\..\steam\delayhlp.cpp">
      <Filter>Header Files</Filter>
    </ClCompile>
  </ItemGroup>
  <ItemGroup>
    <None Include="..\..\steam\listing.inc">
      <Filter>Header Files</Filter>
    </None>
    <None Include="..\..\steam\swprintf.inl">
      <Filter>Header Files</Filter>
    </None>
    <None Include="..\..\steam\sys\stat.inl">
      <Filter>Header Files</Filter>
    </None>
    <None Include="..\..\steam\sys\timeb.inl">
      <Filter>Header Files</Filter>
    </None>
    <None Include="..\..\steam\sys\utime.inl">
      <Filter>Header Files</Filter>
    </None>
    <None Include="..\..\steam\sys\wstat.inl">
      <Filter>Header Files</Filter>
    </None>
    <None Include="..\..\steam\time.inl">
      <Filter>Header Files</Filter>
    </None>
    <None Include="..\..\steam\wtime.inl">
      <Filter>Header Files</Filter>
    </None>
  </ItemGroup>
  <ItemGroup>
    <Manifest Include="..\..\steam\Manifest\dpiaware.manifest">
      <Filter>Header Files</Filter>
    </Manifest>
  </ItemGroup>
</Project>